
Microsoft Visual Studio Solution File, Format Version 12.00
# Visual Studio Version 16
VisualStudioVersion = 16.0.30611.23
MinimumVisualStudioVersion = 10.0.40219.1
Project("{FAE04EC0-301F-11D3-BF4B-00C04F79EFBC}") = "EssentialTraining", "EssentialTraining\EssentialTraining.csproj", "{8D42490A-B80B-4DCB-B96A-A4489F029E81}"
EndProject
Project("{FAE04EC0-301F-11D3-BF4B-00C04F79EFBC}") = "EssentialTrainningTest", "EssentialTrainningTest\EssentialTrainningTest.csproj", "{B081AAEB-E1ED-4B8E-9904-9BE855B41189}"
EndProject
Global
	GlobalSection(SolutionConfigurationPlatforms) = preSolution
		Debug|Any CPU = Debug|Any CPU
		Release|Any CPU = Release|Any CPU
	EndGlobalSection
	GlobalSection(ProjectConfigurationPlatforms) = postSolution
		{8D42490A-B80B-4DCB-B96A-A4489F029E81}.Debug|Any CPU.ActiveCfg = Debug|Any CPU
		{8D42490A-B80B-4DCB-B96A-A4489F029E81}.Debug|Any CPU.Build.0 = Debug|Any CPU
		{8D42490A-B80B-4DCB-B96A-A4489F029E81}.Release|Any CPU.ActiveCfg = Release|Any CPU
		{8D42490A-B80B-4DCB-B96A-A4489F029E81}.Release|Any CPU.Build.0 = Release|Any CPU
		{B081AAEB-E1ED-4B8E-9904-9BE855B41189}.Debug|Any CPU.ActiveCfg = Debug|Any CPU
		{B081AAEB-E1ED-4B8E-9904-9BE855B41189}.Debug|Any CPU.Build.0 = Debug|Any CPU
		{B081AAEB-E1ED-4B8E-9904-9BE855B41189}.Release|Any CPU.ActiveCfg = Release|Any CPU
		{B081AAEB-E1ED-4B8E-9904-9BE855B41189}.Release|Any CPU.Build.0 = Release|Any CPU
	EndGlobalSection
	GlobalSection(SolutionProperties) = preSolution
		HideSolutionNode = FALSE
	EndGlobalSection
	GlobalSection(ExtensibilityGlobals) = postSolution
		SolutionGuid = {B0184DC1-FEC7-47DD-8E01-263AD36A2FFC}
	EndGlobalSection
EndGlobal
